#
# This file is autogenerated by pip-compile with Python 3.11
# by the following command:
#
#    pip-compile --output-file=requirements.lock --strip-extras requirements.txt
#
asgiref==3.12.1
    # via django
django==5.2.17
    # via -r requirements.txt
django-environ==0.14.0
    # via -r requirements.txt
gunicorn==26.2.0
    # via -r requirements.txt
psycopg==3.3.4
    # via -r requirements.txt
psycopg-binary==3.3.4
    # via psycopg
sqlparse==0.6.0
    # via django
typing-extensions==4.16.0
    # via psycopg
tzdata==2026.3
    # via
    #   django
    #   psycopg
whitenoise==6.12.0
    # via -r requirements.txt
